Microsoft Visual Studio Solution File, Format Version 12.00
# Visual Studio 2012
Project("{FAE04EC0-301F-11D3-BF4B-00C04F79EFBC}") = "project_0_cs354R-Aim_Trainer", "project_0_cs354R-Aim_Trainer.csproj", "{1BDCF187-6BEB-40DB-BB46-240C73980E84}"
EndProject
Global
	GlobalSection(SolutionConfigurationPlatforms) = preSolution
	Debug|Any CPU = Debug|Any CPU
	ExportDebug|Any CPU = ExportDebug|Any CPU
	ExportRelease|Any CPU = ExportRelease|Any CPU
	EndGlobalSection
	GlobalSection(ProjectConfigurationPlatforms) = postSolution
		{1BDCF187-6BEB-40DB-BB46-240C73980E84}.Debug|Any CPU.ActiveCfg = Debug|Any CPU
		{1BDCF187-6BEB-40DB-BB46-240C73980E84}.Debug|Any CPU.Build.0 = Debug|Any CPU
		{1BDCF187-6BEB-40DB-BB46-240C73980E84}.ExportDebug|Any CPU.ActiveCfg = ExportDebug|Any CPU
		{1BDCF187-6BEB-40DB-BB46-240C73980E84}.ExportDebug|Any CPU.Build.0 = ExportDebug|Any CPU
		{1BDCF187-6BEB-40DB-BB46-240C73980E84}.ExportRelease|Any CPU.ActiveCfg = ExportRelease|Any CPU
		{1BDCF187-6BEB-40DB-BB46-240C73980E84}.ExportRelease|Any CPU.Build.0 = ExportRelease|Any CPU
	EndGlobalSection
EndGlobal
